
Microsoft Visual Studio Solution File, Format Version 12.00
# Visual Studio Version 17
VisualStudioVersion = 17.0.32112.339
MinimumVisualStudioVersion = 10.0.40219.1
Project("{9A19103F-16F7-4668-BE54-9A1E7A4F7556}") = "Reddit_API", "Reddit_API.csproj", "{B3C7E90E-9D7D-4D5B-A48A-71A5C5BD8559}"
EndProject
Global
	GlobalSection(SolutionConfigurationPlatforms) = preSolution
		Debug|Any CPU = Debug|Any CPU
		Release|Any CPU = Release|Any CPU
	EndGlobalSection
	GlobalSection(ProjectConfigurationPlatforms) = postSolution
		{B3C7E90E-9D7D-4D5B-A48A-71A5C5BD8559}.Debug|Any CPU.ActiveCfg = Debug|Any CPU
		{B3C7E90E-9D7D-4D5B-A48A-71A5C5BD8559}.Debug|Any CPU.Build.0 = Debug|Any CPU
		{B3C7E90E-9D7D-4D5B-A48A-71A5C5BD8559}.Release|Any CPU.ActiveCfg = Release|Any CPU
		{B3C7E90E-9D7D-4D5B-A48A-71A5C5BD8559}.Release|Any CPU.Build.0 = Release|Any CPU
	EndGlobalSection
	GlobalSection(SolutionProperties) = preSolution
		HideSolutionNode = FALSE
	EndGlobalSection
	GlobalSection(ExtensibilityGlobals) = postSolution
		SolutionGuid = {4CB1136D-45B6-47F9-A4C6-D459690F3B96}
	EndGlobalSection
EndGlobal
